// !$*UTF8*$!
{
	archiveVersion = 1;
	classes = {
	};
	objectVersion = 50;
	objects = {

/* Begin PBXBuildFile section */
		AF0FD40823DBB230007218CC /* AppDelegate.swift in Sources */ = {isa = PBXBuildFile; fileRef = AF0FD40723DBB230007218CC /* AppDelegate.swift */; };
		AF0FD40A23DBB230007218CC /* SceneDelegate.swift in Sources */ = {isa = PBXBuildFile; fileRef = AF0FD40923DBB230007218CC /* SceneDelegate.swift */; };
		AF0FD40C23DBB230007218CC /* ViewController.swift in Sources */ = {isa = PBXBuildFile; fileRef = AF0FD40B23DBB230007218CC /* ViewController.swift */; };
		AF0FD41223DBB230007218CC /* FinalAssignmentC0761022.xcdatamodeld in Sources */ = {isa = PBXBuildFile; fileRef = AF0FD41023DBB230007218CC /* FinalAssignmentC0761022.xcdatamodeld */; };
		AF0FD41423DBB233007218CC /* Assets.xcassets in Resources */ = {isa = PBXBuildFile; fileRef = AF0FD41323DBB233007218CC /* Assets.xcassets */; };
		AF0FD41723DBB233007218CC /* LaunchScreen.storyboard in Resources */ = {isa = PBXBuildFile; fileRef = AF0FD41523DBB233007218CC /* LaunchScreen.storyboard */; };
		AF0FD42623DBB3CA007218CC /* Product.swift in Sources */ = {isa = PBXBuildFile; fileRef = AF0FD42523DBB3CA007218CC /* Product.swift */; };
		AF0FD42A23DBB9C6007218CC /* Main.storyboard in Resources */ = {isa = PBXBuildFile; fileRef = AF0FD42923DBB9C6007218CC /* Main.storyboard */; };
		AF0FD42E23DBBA92007218CC /* ProductTable.swift in Sources */ = {isa = PBXBuildFile; fileRef = AF0FD42D23DBBA92007218CC /* ProductTable.swift */; };
/* End PBXBuildFile section */

/* Begin PBXFileReference section */
		AF0FD40423DBB230007218CC /* FinalAssignmentC0761022.app */ = {isa = PBXFileReference; explicitFileType = wrapper.application; includeInIndex = 0; path = FinalAssignmentC0761022.app; sourceTree = BUILT_PRODUCTS_DIR; };
		AF0FD40723DBB230007218CC /* AppDelegate.swift */ = {isa = PBXFileReference; lastKnownFileType = sourcecode.swift; path = AppDelegate.swift; sourceTree = "<group>"; };
		AF0FD40923DBB230007218CC /* SceneDelegate.swift */ = {isa = PBXFileReference; lastKnownFileType = sourcecode.swift; path = SceneDelegate.swift; sourceTree = "<group>"; };
		AF0FD40B23DBB230007218CC /* ViewController.swift */ = {isa = PBXFileReference; lastKnownFileType = sourcecode.swift; path = ViewController.swift; sourceTree = "<group>"; };
		AF0FD41123DBB230007218CC /* FinalAssignmentC0761022.xcdatamodel */ = {isa = PBXFileReference; lastKnownFileType = wrapper.xcdatamodel; path = FinalAssignmentC0761022.xcdatamodel; sourceTree = "<group>"; };
		AF0FD41323DBB233007218CC /* Assets.xcassets */ = {isa = PBXFileReference; lastKnownFileType = folder.assetcatalog; path = Assets.xcassets; sourceTree = "<group>"; };
		AF0FD41623DBB233007218CC /* Base */ = {isa = PBXFileReference; lastKnownFileType = file.storyboard; name = Base; path = Base.lproj/LaunchScreen.storyboard; sourceTree = "<group>"; };
		AF0FD41823DBB233007218CC /* Info.plist */ = {isa = PBXFileReference; lastKnownFileType = text.plist.xml; path = Info.plist; sourceTree = "<group>"; };
		AF0FD42523DBB3CA007218CC /* Product.swift */ = {isa = PBXFileReference; lastKnownFileType = sourcecode.swift; path = Product.swift; sourceTree = "<group>"; };
		AF0FD42923DBB9C6007218CC /* Main.storyboard */ = {isa = PBXFileReference; fileEncoding = 4; lastKnownFileType = file.storyboard; path = Main.storyboard; sourceTree = "<group>"; };
		AF0FD42D23DBBA92007218CC /* ProductTable.swift */ = {isa = PBXFileReference; lastKnownFileType = sourcecode.swift; path = ProductTable.swift; sourceTree = "<group>"; };
/* End PBXFileReference section */

/* Begin PBXFrameworksBuildPhase section */
		AF0FD40123DBB230007218CC /* Frameworks */ = {
			isa = PBXFrameworksBuildPhase;
			buildActionMask = 2147483647;
			files = (
			);
			runOnlyForDeploymentPostprocessing = 0;
		};
/* End PBXFrameworksBuildPhase section */

/* Begin PBXGroup section */
		AF0FD3FB23DBB230007218CC = {
			isa = PBXGroup;
			children = (
				AF0FD40623DBB230007218CC /* FinalAssignmentC0761022 */,
				AF0FD40523DBB230007218CC /* Products */,
			);
			sourceTree = "<group>";
		};
		AF0FD40523DBB230007218CC /* Products */ = {
			isa = PBXGroup;
			children = (
				AF0FD40423DBB230007218CC /* FinalAssignmentC0761022.app */,
			);
			name = Products;
			sourceTree = "<group>";
		};
		AF0FD40623DBB230007218CC /* FinalAssignmentC0761022 */ = {
			isa = PBXGroup;
			children = (
				AF0FD42423DBB392007218CC /* models */,
				AF0FD40723DBB230007218CC /* AppDelegate.swift */,
				AF0FD40923DBB230007218CC /* SceneDelegate.swift */,
				AF0FD42923DBB9C6007218CC /* Main.storyboard */,
				AF0FD40B23DBB230007218CC /* ViewController.swift */,
				AF0FD41323DBB233007218CC /* Assets.xcassets */,
				AF0FD41523DBB233007218CC /* LaunchScreen.storyboard */,
				AF0FD41823DBB233007218CC /* Info.plist */,
				AF0FD41023DBB230007218CC /* FinalAssignmentC0761022.xcdatamodeld */,
			);
			path = FinalAssignmentC0761022;
			sourceTree = "<group>";
		};
		AF0FD42423DBB392007218CC /* models */ = {
			isa = PBXGroup;
			children = (
				AF0FD42523DBB3CA007218CC /* Product.swift */,
				AF0FD42D23DBBA92007218CC /* ProductTable.swift */,
			);
			path = models;
			sourceTree = "<group>";
		};
/* End PBXGroup section */

/* Begin PBXNativeTarget section */
		AF0FD40323DBB230007218CC /* FinalAssignmentC0761022 */ = {
			isa = PBXNativeTarget;
			buildConfigurationList = AF0FD41B23DBB233007218CC /* Build configuration list for PBXNativeTarget "FinalAssignmentC0761022" */;
			buildPhases = (
				AF0FD40023DBB230007218CC /* Sources */,
				AF0FD40123DBB230007218CC /* Frameworks */,
				AF0FD40223DBB230007218CC /* Resources */,
			);
			buildRules = (
			);
			dependencies = (
			);
			name = FinalAssignmentC0761022;
			productName = FinalAssignmentC0761022;
			productReference = AF0FD40423DBB230007218CC /* FinalAssignmentC0761022.app */;
			productType = "com.apple.product-type.application";
		};
/* End PBXNativeTarget section */

/* Begin PBXProject section */
		AF0FD3FC23DBB230007218CC /* Project object */ = {
			isa = PBXProject;
			attributes = {
				LastSwiftUpdateCheck = 1130;
				LastUpgradeCheck = 1130;
				ORGANIZATIONNAME = "sanjeev gupta";
				TargetAttributes = {
					AF0FD40323DBB230007218CC = {
						CreatedOnToolsVersion = 11.3;
					};
				};
			};
			buildConfigurationList = AF0FD3FF23DBB230007218CC /* Build configuration list for PBXProject "FinalAssignmentC0761022" */;
			compatibilityVersion = "Xcode 9.3";
			developmentRegion = en;
			hasScannedForEncodings = 0;
			knownRegions = (
				en,
				Base,
			);
			mainGroup = AF0FD3FB23DBB230007218CC;
			productRefGroup = AF0FD40523DBB230007218CC /* Products */;
			projectDirPath = "";
			projectRoot = "";
			targets = (
				AF0FD40323DBB230007218CC /* FinalAssignmentC0761022 */,
			);
		};
/* End PBXProject section */

/* Begin PBXResourcesBuildPhase section */
		AF0FD40223DBB230007218CC /* Resources */ = {
			isa = PBXResourcesBuildPhase;
			buildActionMask = 2147483647;
			files = (
				AF0FD42A23DBB9C6007218CC /* Main.storyboard in Resources */,
				AF0FD41723DBB233007218CC /* LaunchScreen.storyboard in Resources */,
				AF0FD41423DBB233007218CC /* Assets.xcassets in Resources */,
			);
			runOnlyForDeploymentPostprocessing = 0;
		};
/* End PBXResourcesBuildPhase section */

/* Begin PBXSourcesBuildPhase section */
		AF0FD40023DBB230007218CC /* Sources */ = {
			isa = PBXSourcesBuildPhase;
			buildActionMask = 2147483647;
			files = (
				AF0FD41223DBB230007218CC /* FinalAssignmentC0761022.xcdatamodeld in Sources */,
				AF0FD40C23DBB230007218CC /* ViewController.swift in Sources */,
				AF0FD40823DBB230007218CC /* AppDelegate.swift in Sources */,
				AF0FD40A23DBB230007218CC /* SceneDelegate.swift in Sources */,
				AF0FD42E23DBBA92007218CC /* ProductTable.swift in Sources */,
				AF0FD42623DBB3CA007218CC /* Product.swift in Sources */,
			);
			runOnlyForDeploymentPostprocessing = 0;
		};
/* End PBXSourcesBuildPhase section */

/* Begin PBXVariantGroup section */
		AF0FD41523DBB233007218CC /* LaunchScreen.storyboard */ = {
			isa = PBXVariantGroup;
			children = (
				AF0FD41623DBB233007218CC /* Base */,
			);
			name = LaunchScreen.storyboard;
			sourceTree = "<group>";
		};
/* End PBXVariantGroup section */

/* Begin XCBuildConfiguration section */
		AF0FD41923DBB233007218CC /* Debug */ = {
			isa = XCBuildConfiguration;
			buildSettings = {
				ALWAYS_SEARCH_USER_PATHS = NO;
				CLANG_ANALYZER_NONNULL = YES;
				CLANG_ANALYZER_NUMBER_OBJECT_CONVERSION = YES_AGGRESSIVE;
				CLANG_CXX_LANGUAGE_STANDARD = "gnu++14";
				CLANG_CXX_LIBRARY = "libc++";
				CLANG_ENABLE_MODULES = YES;
				CLANG_ENABLE_OBJC_ARC = YES;
				CLANG_ENABLE_OBJC_WEAK = YES;
				CLANG_WARN_BLOCK_CAPTURE_AUTORELEASING = YES;
				CLANG_WARN_BOOL_CONVERSION = YES;
				CLANG_WARN_COMMA = YES;
				CLANG_WARN_CONSTANT_CONVERSION = YES;
				CLANG_WARN_DEPRECATED_OBJC_IMPLEMENTATIONS = YES;
				CLANG_WARN_DIRECT_OBJC_ISA_USAGE = YES_ERROR;
				CLANG_WARN_DOCUMENTATION_COMMENTS = YES;
				CLANG_WARN_EMPTY_BODY = YES;
				CLANG_WARN_ENUM_CONVERSION = YES;
				CLANG_WARN_INFINITE_RECURSION = YES;
				CLANG_WARN_INT_CONVERSION = YES;
				CLANG_WARN_NON_LITERAL_NULL_CONVERSION = YES;
				CLANG_WARN_OBJC_IMPLICIT_RETAIN_SELF = YES;
				CLANG_WARN_OBJC_LITERAL_CONVERSION = YES;
				CLANG_WARN_OBJC_ROOT_CLASS = YES_ERROR;
				CLANG_WARN_RANGE_LOOP_ANALYSIS = YES;
				CLANG_WARN_STRICT_PROTOTYPES = YES;
				CLANG_WARN_SUSPICIOUS_MOVE = YES;
				CLANG_WARN_UNGUARDED_AVAILABILITY = YES_AGGRESSIVE;
				CLANG_WARN_UNREACHABLE_CODE = YES;
				CLANG_WARN__DUPLICATE_METHOD_MATCH = YES;
				COPY_PHASE_STRIP = NO;
				DEBUG_INFORMATION_FORMAT = dwarf;
				ENABLE_STRICT_OBJC_MSGSEND = YES;
				ENABLE_TESTABILITY = YES;
				GCC_C_LANGUAGE_STANDARD = gnu11;
				GCC_DYNAMIC_NO_PIC = NO;
				GCC_NO_COMMON_BLOCKS = YES;
				GCC_OPTIMIZATION_LEVEL = 0;
				GCC_PREPROCESSOR_DEFINITIONS = (
					"DEBUG=1",
					"$(inherited)",
				);
				GCC_WARN_64_TO_32_BIT_CONVERSION = YES;
				GCC_WARN_ABOUT_RETURN_TYPE = YES_ERROR;
				GCC_WARN_UNDECLARED_SELECTOR = YES;
				GCC_WARN_UNINITIALIZED_AUTOS = YES_AGGRESSIVE;
				GCC_WARN_UNUSED_FUNCTION = YES;
				GCC_WARN_UNUSED_VARIABLE = YES;
				IPHONEOS_DEPLOYMENT_TARGET = 13.2;
				MTL_ENABLE_DEBUG_INFO = INCLUDE_SOURCE;
				MTL_FAST_MATH = YES;
				ONLY_ACTIVE_ARCH = YES;
				SDKROOT = iphoneos;
				SWIFT_ACTIVE_COMPILATION_CONDITIONS = DEBUG;
				SWIFT_OPTIMIZATION_LEVEL = "-Onone";
			};
			name = Debug;
		};
		AF0FD41A23DBB233007218CC /* Release */ = {
			isa = XCBuildConfiguration;
			buildSettings = {
				ALWAYS_SEARCH_USER_PATHS = NO;
				CLANG_ANALYZER_NONNULL = YES;
				CLANG_ANALYZER_NUMBER_OBJECT_CONVERSION = YES_AGGRESSIVE;
				CLANG_CXX_LANGUAGE_STANDARD = "gnu++14";
				CLANG_CXX_LIBRARY = "libc++";
				CLANG_ENABLE_MODULES = YES;
				CLANG_ENABLE_OBJC_ARC = YES;
				CLANG_ENABLE_OBJC_WEAK = YES;
				CLANG_WARN_BLOCK_CAPTURE_AUTORELEASING = YES;
				CLANG_WARN_BOOL_CONVERSION = YES;
				CLANG_WARN_COMMA = YES;
				CLANG_WARN_CONSTANT_CONVERSION = YES;
				CLANG_WARN_DEPRECATED_OBJC_IMPLEMENTATIONS = YES;
				CLANG_WARN_DIRECT_OBJC_ISA_USAGE = YES_ERROR;
				CLANG_WARN_DOCUMENTATION_COMMENTS = YES;
				CLANG_WARN_EMPTY_BODY = YES;
				CLANG_WARN_ENUM_CONVERSION = YES;
				CLANG_WARN_INFINITE_RECURSION = YES;
				CLANG_WARN_INT_CONVERSION = YES;
				CLANG_WARN_NON_LITERAL_NULL_CONVERSION = YES;
				CLANG_WARN_OBJC_IMPLICIT_RETAIN_SELF = YES;
				CLANG_WARN_OBJC_LITERAL_CONVERSION = YES;
				CLANG_WARN_OBJC_ROOT_CLASS = YES_ERROR;
				CLANG_WARN_RANGE_LOOP_ANALYSIS = YES;
				CLANG_WARN_STRICT_PROTOTYPES = YES;
				CLANG_WARN_SUSPICIOUS_MOVE = YES;
				CLANG_WARN_UNGUARDED_AVAILABILITY = YES_AGGRESSIVE;
				CLANG_WARN_UNREACHABLE_CODE = YES;
				CLANG_WARN__DUPLICATE_METHOD_MATCH = YES;
				COPY_PHASE_STRIP = NO;
				DEBUG_INFORMATION_FORMAT = "dwarf-with-dsym";
				ENABLE_NS_ASSERTIONS = NO;
				ENABLE_STRICT_OBJC_MSGSEND = YES;
				GCC_C_LANGUAGE_STANDARD = gnu11;
				GCC_NO_COMMON_BLOCKS = YES;
				GCC_WARN_64_TO_32_BIT_CONVERSION = YES;
				GCC_WARN_ABOUT_RETURN_TYPE = YES_ERROR;
				GCC_WARN_UNDECLARED_SELECTOR = YES;
				GCC_WARN_UNINITIALIZED_AUTOS = YES_AGGRESSIVE;
				GCC_WARN_UNUSED_FUNCTION = YES;
				GCC_WARN_UNUSED_VARIABLE = YES;
				IPHONEOS_DEPLOYMENT_TARGET = 13.2;
				MTL_ENABLE_DEBUG_INFO = NO;
				MTL_FAST_MATH = YES;
				SDKROOT = iphoneos;
				SWIFT_COMPILATION_MODE = wholemodule;
				SWIFT_OPTIMIZATION_LEVEL = "-O";
				VALIDATE_PRODUCT = YES;
			};
			name = Release;
		};
		AF0FD41C23DBB233007218CC /* Debug */ = {
			isa = XCBuildConfiguration;
			buildSettings = {
				ASSETCATALOG_COMPILER_APPICON_NAME = AppIcon;
				CODE_SIGN_STYLE = Automatic;
				INFOPLIST_FILE = FinalAssignmentC0761022/Info.plist;
				LD_RUNPATH_SEARCH_PATHS = (
					"$(inherited)",
					"@executable_path/Frameworks",
				);
				PRODUCT_BUNDLE_IDENTIFIER = com.swiftlesson.FinalAssignmentC0761022;
				PRODUCT_NAME = "$(TARGET_NAME)";
				SWIFT_VERSION = 5.0;
				TARGETED_DEVICE_FAMILY = "1,2";
			};
			name = Debug;
		};
		AF0FD41D23DBB233007218CC /* Release */ = {
			isa = XCBuildConfiguration;
			buildSettings = {
				ASSETCATALOG_COMPILER_APPICON_NAME = AppIcon;
				CODE_SIGN_STYLE = Automatic;
				INFOPLIST_FILE = FinalAssignmentC0761022/Info.plist;
				LD_RUNPATH_SEARCH_PATHS = (
					"$(inherited)",
					"@executable_path/Frameworks",
				);
				PRODUCT_BUNDLE_IDENTIFIER = com.swiftlesson.FinalAssignmentC0761022;
				PRODUCT_NAME = "$(TARGET_NAME)";
				SWIFT_VERSION = 5.0;
				TARGETED_DEVICE_FAMILY = "1,2";
			};
			name = Release;
		};
/* End XCBuildConfiguration section */

/* Begin XCConfigurationList section */
		AF0FD3FF23DBB230007218CC /* Build configuration list for PBXProject "FinalAssignmentC0761022" */ = {
			isa = XCConfigurationList;
			buildConfigurations = (
				AF0FD41923DBB233007218CC /* Debug */,
				AF0FD41A23DBB233007218CC /* Release */,
			);
			defaultConfigurationIsVisible = 0;
			defaultConfigurationName = Release;
		};
		AF0FD41B23DBB233007218CC /* Build configuration list for PBXNativeTarget "FinalAssignmentC0761022" */ = {
			isa = XCConfigurationList;
			buildConfigurations = (
				AF0FD41C23DBB233007218CC /* Debug */,
				AF0FD41D23DBB233007218CC /* Release */,
			);
			defaultConfigurationIsVisible = 0;
			defaultConfigurationName = Release;
		};
/* End XCConfigurationList section */

/* Begin XCVersionGroup section */
		AF0FD41023DBB230007218CC /* FinalAssignmentC0761022.xcdatamodeld */ = {
			isa = XCVersionGroup;
			children = (
				AF0FD41123DBB230007218CC /* FinalAssignmentC0761022.xcdatamodel */,
			);
			currentVersion = AF0FD41123DBB230007218CC /* FinalAssignmentC0761022.xcdatamodel */;
			path = FinalAssignmentC0761022.xcdatamodeld;
			sourceTree = "<group>";
			versionGroupType = wrapper.xcdatamodel;
		};
/* End XCVersionGroup section */
	};
	rootObject = AF0FD3FC23DBB230007218CC /* Project object */;
}
